// !$*UTF8*$!
{
	archiveVersion = 1;
	classes = {
	};
	objectVersion = 56;
	objects = {

/* Begin PBXBuildFile section */
		1CD2B5C92A4BA81400137211 /* CharacterEntity.swift in Sources */ = {isa = PBXBuildFile; fileRef = 1CD2B5C82A4BA81400137211 /* CharacterEntity.swift */; };
		1CD2B5CB2A4BA86C00137211 /* LocationEntity.swift in Sources */ = {isa = PBXBuildFile; fileRef = 1CD2B5CA2A4BA86C00137211 /* LocationEntity.swift */; };
		1CD2B5CD2A4BAAE000137211 /* ApiRequest.swift in Sources */ = {isa = PBXBuildFile; fileRef = 1CD2B5CC2A4BAAE000137211 /* ApiRequest.swift */; };
		1CD2B5D02A4C600900137211 /* CharacterSearchedEntity.swift in Sources */ = {isa = PBXBuildFile; fileRef = 1CD2B5CF2A4C600900137211 /* CharacterSearchedEntity.swift */; };
		1CFC12832A47A5B200F4DD35 /* Rick_And_MortyApp.swift in Sources */ = {isa = PBXBuildFile; fileRef = 1CFC12822A47A5B200F4DD35 /* Rick_And_MortyApp.swift */; };
		1CFC12852A47A5B200F4DD35 /* DetailScreen.swift in Sources */ = {isa = PBXBuildFile; fileRef = 1CFC12842A47A5B200F4DD35 /* DetailScreen.swift */; };
		1CFC12872A47A5B500F4DD35 /* Assets.xcassets in Resources */ = {isa = PBXBuildFile; fileRef = 1CFC12862A47A5B500F4DD35 /* Assets.xcassets */; };
		1CFC128A2A47A5B500F4DD35 /* Preview Assets.xcassets in Resources */ = {isa = PBXBuildFile; fileRef = 1CFC12892A47A5B500F4DD35 /* Preview Assets.xcassets */; };
		1CFC12932A47A65600F4DD35 /* CharacterImageView.swift in Sources */ = {isa = PBXBuildFile; fileRef = 1CFC12922A47A65600F4DD35 /* CharacterImageView.swift */; };
		1CFC12952A47A67900F4DD35 /* CharacterImageModel.swift in Sources */ = {isa = PBXBuildFile; fileRef = 1CFC12942A47A67900F4DD35 /* CharacterImageModel.swift */; };
		1CFC12982A47DE9500F4DD35 /* CardView.swift in Sources */ = {isa = PBXBuildFile; fileRef = 1CFC12972A47DE9500F4DD35 /* CardView.swift */; };
		1CFC129A2A47DEA200F4DD35 /* CardModel.swift in Sources */ = {isa = PBXBuildFile; fileRef = 1CFC12992A47DEA200F4DD35 /* CardModel.swift */; };
		1CFC129C2A47ED1000F4DD35 /* DetailScreenModel.swift in Sources */ = {isa = PBXBuildFile; fileRef = 1CFC129B2A47ED1000F4DD35 /* DetailScreenModel.swift */; };
		1CFC129F2A4871F200F4DD35 /* DetailScreenViewModel.swift in Sources */ = {isa = PBXBuildFile; fileRef = 1CFC129E2A4871F200F4DD35 /* DetailScreenViewModel.swift */; };
		1CFC12A22A4874CB00F4DD35 /* CharactersScreen.swift in Sources */ = {isa = PBXBuildFile; fileRef = 1CFC12A12A4874CB00F4DD35 /* CharactersScreen.swift */; };
		1CFC12A42A487C3000F4DD35 /* CharactersModel.swift in Sources */ = {isa = PBXBuildFile; fileRef = 1CFC12A32A487C3000F4DD35 /* CharactersModel.swift */; };
		1CFC12A62A487CBB00F4DD35 /* CharactersViewModel.swift in Sources */ = {isa = PBXBuildFile; fileRef = 1CFC12A52A487CBB00F4DD35 /* CharactersViewModel.swift */; };
		1CFC12A92A48A0CD00F4DD35 /* CharacterCardView.swift in Sources */ = {isa = PBXBuildFile; fileRef = 1CFC12A82A48A0CD00F4DD35 /* CharacterCardView.swift */; };
		1CFC12AB2A48A0DE00F4DD35 /* CharacterCardModel.swift in Sources */ = {isa = PBXBuildFile; fileRef = 1CFC12AA2A48A0DE00F4DD35 /* CharacterCardModel.swift */; };
		1CFC12AE2A48EF0800F4DD35 /* AdditionalInfoView.swift in Sources */ = {isa = PBXBuildFile; fileRef = 1CFC12AD2A48EF0800F4DD35 /* AdditionalInfoView.swift */; };
		1CFC12B02A48EF1600F4DD35 /* AdditionalInfoModel.swift in Sources */ = {isa = PBXBuildFile; fileRef = 1CFC12AF2A48EF1500F4DD35 /* AdditionalInfoModel.swift */; };
/* End PBXBuildFile section */

/* Begin PBXFileReference section */
		1CD2B5C82A4BA81400137211 /* CharacterEntity.swift */ = {isa = PBXFileReference; lastKnownFileType = sourcecode.swift; path = CharacterEntity.swift; sourceTree = "<group>"; };
		1CD2B5CA2A4BA86C00137211 /* LocationEntity.swift */ = {isa = PBXFileReference; lastKnownFileType = sourcecode.swift; path = LocationEntity.swift; sourceTree = "<group>"; };
		1CD2B5CC2A4BAAE000137211 /* ApiRequest.swift */ = {isa = PBXFileReference; lastKnownFileType = sourcecode.swift; path = ApiRequest.swift; sourceTree = "<group>"; };
		1CD2B5CF2A4C600900137211 /* CharacterSearchedEntity.swift */ = {isa = PBXFileReference; lastKnownFileType = sourcecode.swift; path = CharacterSearchedEntity.swift; sourceTree = "<group>"; };
		1CFC127F2A47A5B200F4DD35 /* Rick And Morty.app */ = {isa = PBXFileReference; explicitFileType = wrapper.application; includeInIndex = 0; path = "Rick And Morty.app"; sourceTree = BUILT_PRODUCTS_DIR; };
		1CFC12822A47A5B200F4DD35 /* Rick_And_MortyApp.swift */ = {isa = PBXFileReference; lastKnownFileType = sourcecode.swift; path = Rick_And_MortyApp.swift; sourceTree = "<group>"; };
		1CFC12842A47A5B200F4DD35 /* DetailScreen.swift */ = {isa = PBXFileReference; lastKnownFileType = sourcecode.swift; path = DetailScreen.swift; sourceTree = "<group>"; };
		1CFC12862A47A5B500F4DD35 /* Assets.xcassets */ = {isa = PBXFileReference; lastKnownFileType = folder.assetcatalog; path = Assets.xcassets; sourceTree = "<group>"; };
		1CFC12892A47A5B500F4DD35 /* Preview Assets.xcassets */ = {isa = PBXFileReference; lastKnownFileType = folder.assetcatalog; path = "Preview Assets.xcassets"; sourceTree = "<group>"; };
		1CFC12922A47A65600F4DD35 /* CharacterImageView.swift */ = {isa = PBXFileReference; lastKnownFileType = sourcecode.swift; path = CharacterImageView.swift; sourceTree = "<group>"; };
		1CFC12942A47A67900F4DD35 /* CharacterImageModel.swift */ = {isa = PBXFileReference; lastKnownFileType = sourcecode.swift; path = CharacterImageModel.swift; sourceTree = "<group>"; };
		1CFC12972A47DE9500F4DD35 /* CardView.swift */ = {isa = PBXFileReference; lastKnownFileType = sourcecode.swift; path = CardView.swift; sourceTree = "<group>"; };
		1CFC12992A47DEA200F4DD35 /* CardModel.swift */ = {isa = PBXFileReference; lastKnownFileType = sourcecode.swift; path = CardModel.swift; sourceTree = "<group>"; };
		1CFC129B2A47ED1000F4DD35 /* DetailScreenModel.swift */ = {isa = PBXFileReference; lastKnownFileType = sourcecode.swift; path = DetailScreenModel.swift; sourceTree = "<group>"; };
		1CFC129E2A4871F200F4DD35 /* DetailScreenViewModel.swift */ = {isa = PBXFileReference; lastKnownFileType = sourcecode.swift; path = DetailScreenViewModel.swift; sourceTree = "<group>"; };
		1CFC12A12A4874CB00F4DD35 /* CharactersScreen.swift */ = {isa = PBXFileReference; lastKnownFileType = sourcecode.swift; path = CharactersScreen.swift; sourceTree = "<group>"; };
		1CFC12A32A487C3000F4DD35 /* CharactersModel.swift */ = {isa = PBXFileReference; lastKnownFileType = sourcecode.swift; path = CharactersModel.swift; sourceTree = "<group>"; };
		1CFC12A52A487CBB00F4DD35 /* CharactersViewModel.swift */ = {isa = PBXFileReference; lastKnownFileType = sourcecode.swift; path = CharactersViewModel.swift; sourceTree = "<group>"; };
		1CFC12A82A48A0CD00F4DD35 /* CharacterCardView.swift */ = {isa = PBXFileReference; lastKnownFileType = sourcecode.swift; path = CharacterCardView.swift; sourceTree = "<group>"; };
		1CFC12AA2A48A0DE00F4DD35 /* CharacterCardModel.swift */ = {isa = PBXFileReference; lastKnownFileType = sourcecode.swift; path = CharacterCardModel.swift; sourceTree = "<group>"; };
		1CFC12AD2A48EF0800F4DD35 /* AdditionalInfoView.swift */ = {isa = PBXFileReference; lastKnownFileType = sourcecode.swift; path = AdditionalInfoView.swift; sourceTree = "<group>"; };
		1CFC12AF2A48EF1500F4DD35 /* AdditionalInfoModel.swift */ = {isa = PBXFileReference; lastKnownFileType = sourcecode.swift; path = AdditionalInfoModel.swift; sourceTree = "<group>"; };
/* End PBXFileReference section */

/* Begin PBXFrameworksBuildPhase section */
		1CFC127C2A47A5B200F4DD35 /* Frameworks */ = {
			isa = PBXFrameworksBuildPhase;
			buildActionMask = 2147483647;
			files = (
			);
			runOnlyForDeploymentPostprocessing = 0;
		};
/* End PBXFrameworksBuildPhase section */

/* Begin PBXGroup section */
		1CD2B5C72A4BA76700137211 /* Entities */ = {
			isa = PBXGroup;
			children = (
				1CD2B5C82A4BA81400137211 /* CharacterEntity.swift */,
				1CD2B5CA2A4BA86C00137211 /* LocationEntity.swift */,
				1CD2B5CF2A4C600900137211 /* CharacterSearchedEntity.swift */,
			);
			path = Entities;
			sourceTree = "<group>";
		};
		1CD2B5CE2A4BC1DC00137211 /* Networking */ = {
			isa = PBXGroup;
			children = (
				1CD2B5CC2A4BAAE000137211 /* ApiRequest.swift */,
			);
			path = Networking;
			sourceTree = "<group>";
		};
		1CFC12762A47A5B200F4DD35 = {
			isa = PBXGroup;
			children = (
				1CFC12812A47A5B200F4DD35 /* Rick And Morty */,
				1CFC12802A47A5B200F4DD35 /* Products */,
			);
			sourceTree = "<group>";
		};
		1CFC12802A47A5B200F4DD35 /* Products */ = {
			isa = PBXGroup;
			children = (
				1CFC127F2A47A5B200F4DD35 /* Rick And Morty.app */,
			);
			name = Products;
			sourceTree = "<group>";
		};
		1CFC12812A47A5B200F4DD35 /* Rick And Morty */ = {
			isa = PBXGroup;
			children = (
				1CD2B5CE2A4BC1DC00137211 /* Networking */,
				1CD2B5C72A4BA76700137211 /* Entities */,
				1CFC12A02A48738300F4DD35 /* CharactersScreen */,
				1CFC129D2A48628500F4DD35 /* DetailScreen */,
				1CFC12902A47A62900F4DD35 /* Views */,
				1CFC12822A47A5B200F4DD35 /* Rick_And_MortyApp.swift */,
				1CFC12862A47A5B500F4DD35 /* Assets.xcassets */,
				1CFC12882A47A5B500F4DD35 /* Preview Content */,
			);
			path = "Rick And Morty";
			sourceTree = "<group>";
		};
		1CFC12882A47A5B500F4DD35 /* Preview Content */ = {
			isa = PBXGroup;
			children = (
				1CFC12892A47A5B500F4DD35 /* Preview Assets.xcassets */,
			);
			path = "Preview Content";
			sourceTree = "<group>";
		};
		1CFC12902A47A62900F4DD35 /* Views */ = {
			isa = PBXGroup;
			children = (
				1CFC12AC2A48EEEE00F4DD35 /* AdditionalInfo */,
				1CFC12A72A48A0A900F4DD35 /* CharacterCard */,
				1CFC12962A47DE7800F4DD35 /* Card */,
				1CFC12912A47A63700F4DD35 /* CharacterImage */,
			);
			path = Views;
			sourceTree = "<group>";
		};
		1CFC12912A47A63700F4DD35 /* CharacterImage */ = {
			isa = PBXGroup;
			children = (
				1CFC12922A47A65600F4DD35 /* CharacterImageView.swift */,
				1CFC12942A47A67900F4DD35 /* CharacterImageModel.swift */,
			);
			path = CharacterImage;
			sourceTree = "<group>";
		};
		1CFC12962A47DE7800F4DD35 /* Card */ = {
			isa = PBXGroup;
			children = (
				1CFC12972A47DE9500F4DD35 /* CardView.swift */,
				1CFC12992A47DEA200F4DD35 /* CardModel.swift */,
			);
			path = Card;
			sourceTree = "<group>";
		};
		1CFC129D2A48628500F4DD35 /* DetailScreen */ = {
			isa = PBXGroup;
			children = (
				1CFC12842A47A5B200F4DD35 /* DetailScreen.swift */,
				1CFC129B2A47ED1000F4DD35 /* DetailScreenModel.swift */,
				1CFC129E2A4871F200F4DD35 /* DetailScreenViewModel.swift */,
			);
			path = DetailScreen;
			sourceTree = "<group>";
		};
		1CFC12A02A48738300F4DD35 /* CharactersScreen */ = {
			isa = PBXGroup;
			children = (
				1CFC12A12A4874CB00F4DD35 /* CharactersScreen.swift */,
				1CFC12A32A487C3000F4DD35 /* CharactersModel.swift */,
				1CFC12A52A487CBB00F4DD35 /* CharactersViewModel.swift */,
			);
			path = CharactersScreen;
			sourceTree = "<group>";
		};
		1CFC12A72A48A0A900F4DD35 /* CharacterCard */ = {
			isa = PBXGroup;
			children = (
				1CFC12A82A48A0CD00F4DD35 /* CharacterCardView.swift */,
				1CFC12AA2A48A0DE00F4DD35 /* CharacterCardModel.swift */,
			);
			path = CharacterCard;
			sourceTree = "<group>";
		};
		1CFC12AC2A48EEEE00F4DD35 /* AdditionalInfo */ = {
			isa = PBXGroup;
			children = (
				1CFC12AD2A48EF0800F4DD35 /* AdditionalInfoView.swift */,
				1CFC12AF2A48EF1500F4DD35 /* AdditionalInfoModel.swift */,
			);
			path = AdditionalInfo;
			sourceTree = "<group>";
		};
/* End PBXGroup section */

/* Begin PBXNativeTarget section */
		1CFC127E2A47A5B200F4DD35 /* Rick And Morty */ = {
			isa = PBXNativeTarget;
			buildConfigurationList = 1CFC128D2A47A5B500F4DD35 /* Build configuration list for PBXNativeTarget "Rick And Morty" */;
			buildPhases = (
				1CFC127B2A47A5B200F4DD35 /* Sources */,
				1CFC127C2A47A5B200F4DD35 /* Frameworks */,
				1CFC127D2A47A5B200F4DD35 /* Resources */,
			);
			buildRules = (
			);
			dependencies = (
			);
			name = "Rick And Morty";
			productName = "Rick And Morty";
			productReference = 1CFC127F2A47A5B200F4DD35 /* Rick And Morty.app */;
			productType = "com.apple.product-type.application";
		};
/* End PBXNativeTarget section */

/* Begin PBXProject section */
		1CFC12772A47A5B200F4DD35 /* Project object */ = {
			isa = PBXProject;
			attributes = {
				BuildIndependentTargetsInParallel = 1;
				LastSwiftUpdateCheck = 1430;
				LastUpgradeCheck = 1430;
				TargetAttributes = {
					1CFC127E2A47A5B200F4DD35 = {
						CreatedOnToolsVersion = 14.3.1;
					};
				};
			};
			buildConfigurationList = 1CFC127A2A47A5B200F4DD35 /* Build configuration list for PBXProject "Rick And Morty" */;
			compatibilityVersion = "Xcode 14.0";
			developmentRegion = en;
			hasScannedForEncodings = 0;
			knownRegions = (
				en,
				Base,
			);
			mainGroup = 1CFC12762A47A5B200F4DD35;
			productRefGroup = 1CFC12802A47A5B200F4DD35 /* Products */;
			projectDirPath = "";
			projectRoot = "";
			targets = (
				1CFC127E2A47A5B200F4DD35 /* Rick And Morty */,
			);
		};
/* End PBXProject section */

/* Begin PBXResourcesBuildPhase section */
		1CFC127D2A47A5B200F4DD35 /* Resources */ = {
			isa = PBXResourcesBuildPhase;
			buildActionMask = 2147483647;
			files = (
				1CFC128A2A47A5B500F4DD35 /* Preview Assets.xcassets in Resources */,
				1CFC12872A47A5B500F4DD35 /* Assets.xcassets in Resources */,
			);
			runOnlyForDeploymentPostprocessing = 0;
		};
/* End PBXResourcesBuildPhase section */

/* Begin PBXSourcesBuildPhase section */
		1CFC127B2A47A5B200F4DD35 /* Sources */ = {
			isa = PBXSourcesBuildPhase;
			buildActionMask = 2147483647;
			files = (
				1CFC12A92A48A0CD00F4DD35 /* CharacterCardView.swift in Sources */,
				1CFC12A62A487CBB00F4DD35 /* CharactersViewModel.swift in Sources */,
				1CFC12B02A48EF1600F4DD35 /* AdditionalInfoModel.swift in Sources */,
				1CFC12AB2A48A0DE00F4DD35 /* CharacterCardModel.swift in Sources */,
				1CFC12932A47A65600F4DD35 /* CharacterImageView.swift in Sources */,
				1CFC12AE2A48EF0800F4DD35 /* AdditionalInfoView.swift in Sources */,
				1CD2B5D02A4C600900137211 /* CharacterSearchedEntity.swift in Sources */,
				1CD2B5CB2A4BA86C00137211 /* LocationEntity.swift in Sources */,
				1CFC12A42A487C3000F4DD35 /* CharactersModel.swift in Sources */,
				1CFC12952A47A67900F4DD35 /* CharacterImageModel.swift in Sources */,
				1CFC12852A47A5B200F4DD35 /* DetailScreen.swift in Sources */,
				1CFC12832A47A5B200F4DD35 /* Rick_And_MortyApp.swift in Sources */,
				1CD2B5C92A4BA81400137211 /* CharacterEntity.swift in Sources */,
				1CFC12982A47DE9500F4DD35 /* CardView.swift in Sources */,
				1CFC129F2A4871F200F4DD35 /* DetailScreenViewModel.swift in Sources */,
				1CD2B5CD2A4BAAE000137211 /* ApiRequest.swift in Sources */,
				1CFC129C2A47ED1000F4DD35 /* DetailScreenModel.swift in Sources */,
				1CFC12A22A4874CB00F4DD35 /* CharactersScreen.swift in Sources */,
				1CFC129A2A47DEA200F4DD35 /* CardModel.swift in Sources */,
			);
			runOnlyForDeploymentPostprocessing = 0;
		};
/* End PBXSourcesBuildPhase section */

/* Begin XCBuildConfiguration section */
		1CFC128B2A47A5B500F4DD35 /* Debug */ = {
			isa = XCBuildConfiguration;
			buildSettings = {
				ALWAYS_SEARCH_USER_PATHS = NO;
				CLANG_ANALYZER_NONNULL = YES;
				CLANG_ANALYZER_NUMBER_OBJECT_CONVERSION = YES_AGGRESSIVE;
				CLANG_CXX_LANGUAGE_STANDARD = "gnu++20";
				CLANG_ENABLE_MODULES = YES;
				CLANG_ENABLE_OBJC_ARC = YES;
				CLANG_ENABLE_OBJC_WEAK = YES;
				CLANG_WARN_BLOCK_CAPTURE_AUTORELEASING = YES;
				CLANG_WARN_BOOL_CONVERSION = YES;
				CLANG_WARN_COMMA = YES;
				CLANG_WARN_CONSTANT_CONVERSION = YES;
				CLANG_WARN_DEPRECATED_OBJC_IMPLEMENTATIONS = YES;
				CLANG_WARN_DIRECT_OBJC_ISA_USAGE = YES_ERROR;
				CLANG_WARN_DOCUMENTATION_COMMENTS = YES;
				CLANG_WARN_EMPTY_BODY = YES;
				CLANG_WARN_ENUM_CONVERSION = YES;
				CLANG_WARN_INFINITE_RECURSION = YES;
				CLANG_WARN_INT_CONVERSION = YES;
				CLANG_WARN_NON_LITERAL_NULL_CONVERSION = YES;
				CLANG_WARN_OBJC_IMPLICIT_RETAIN_SELF = YES;
				CLANG_WARN_OBJC_LITERAL_CONVERSION = YES;
				CLANG_WARN_OBJC_ROOT_CLASS = YES_ERROR;
				CLANG_WARN_QUOTED_INCLUDE_IN_FRAMEWORK_HEADER = YES;
				CLANG_WARN_RANGE_LOOP_ANALYSIS = YES;
				CLANG_WARN_STRICT_PROTOTYPES = YES;
				CLANG_WARN_SUSPICIOUS_MOVE = YES;
				CLANG_WARN_UNGUARDED_AVAILABILITY = YES_AGGRESSIVE;
				CLANG_WARN_UNREACHABLE_CODE = YES;
				CLANG_WARN__DUPLICATE_METHOD_MATCH = YES;
				COPY_PHASE_STRIP = NO;
				DEBUG_INFORMATION_FORMAT = dwarf;
				ENABLE_STRICT_OBJC_MSGSEND = YES;
				ENABLE_TESTABILITY = YES;
				GCC_C_LANGUAGE_STANDARD = gnu11;
				GCC_DYNAMIC_NO_PIC = NO;
				GCC_NO_COMMON_BLOCKS = YES;
				GCC_OPTIMIZATION_LEVEL = 0;
				GCC_PREPROCESSOR_DEFINITIONS = (
					"DEBUG=1",
					"$(inherited)",
				);
				GCC_WARN_64_TO_32_BIT_CONVERSION = YES;
				GCC_WARN_ABOUT_RETURN_TYPE = YES_ERROR;
				GCC_WARN_UNDECLARED_SELECTOR = YES;
				GCC_WARN_UNINITIALIZED_AUTOS = YES_AGGRESSIVE;
				GCC_WARN_UNUSED_FUNCTION = YES;
				GCC_WARN_UNUSED_VARIABLE = YES;
				IPHONEOS_DEPLOYMENT_TARGET = 16.4;
				MTL_ENABLE_DEBUG_INFO = INCLUDE_SOURCE;
				MTL_FAST_MATH = YES;
				ONLY_ACTIVE_ARCH = YES;
				SDKROOT = iphoneos;
				SWIFT_ACTIVE_COMPILATION_CONDITIONS = TESTING;
				SWIFT_OPTIMIZATION_LEVEL = "-Onone";
			};
			name = Debug;
		};
		1CFC128C2A47A5B500F4DD35 /* Release */ = {
			isa = XCBuildConfiguration;
			buildSettings = {
				ALWAYS_SEARCH_USER_PATHS = NO;
				CLANG_ANALYZER_NONNULL = YES;
				CLANG_ANALYZER_NUMBER_OBJECT_CONVERSION = YES_AGGRESSIVE;
				CLANG_CXX_LANGUAGE_STANDARD = "gnu++20";
				CLANG_ENABLE_MODULES = YES;
				CLANG_ENABLE_OBJC_ARC = YES;
				CLANG_ENABLE_OBJC_WEAK = YES;
				CLANG_WARN_BLOCK_CAPTURE_AUTORELEASING = YES;
				CLANG_WARN_BOOL_CONVERSION = YES;
				CLANG_WARN_COMMA = YES;
				CLANG_WARN_CONSTANT_CONVERSION = YES;
				CLANG_WARN_DEPRECATED_OBJC_IMPLEMENTATIONS = YES;
				CLANG_WARN_DIRECT_OBJC_ISA_USAGE = YES_ERROR;
				CLANG_WARN_DOCUMENTATION_COMMENTS = YES;
				CLANG_WARN_EMPTY_BODY = YES;
				CLANG_WARN_ENUM_CONVERSION = YES;
				CLANG_WARN_INFINITE_RECURSION = YES;
				CLANG_WARN_INT_CONVERSION = YES;
				CLANG_WARN_NON_LITERAL_NULL_CONVERSION = YES;
				CLANG_WARN_OBJC_IMPLICIT_RETAIN_SELF = YES;
				CLANG_WARN_OBJC_LITERAL_CONVERSION = YES;
				CLANG_WARN_OBJC_ROOT_CLASS = YES_ERROR;
				CLANG_WARN_QUOTED_INCLUDE_IN_FRAMEWORK_HEADER = YES;
				CLANG_WARN_RANGE_LOOP_ANALYSIS = YES;
				CLANG_WARN_STRICT_PROTOTYPES = YES;
				CLANG_WARN_SUSPICIOUS_MOVE = YES;
				CLANG_WARN_UNGUARDED_AVAILABILITY = YES_AGGRESSIVE;
				CLANG_WARN_UNREACHABLE_CODE = YES;
				CLANG_WARN__DUPLICATE_METHOD_MATCH = YES;
				COPY_PHASE_STRIP = NO;
				DEBUG_INFORMATION_FORMAT = "dwarf-with-dsym";
				ENABLE_NS_ASSERTIONS = NO;
				ENABLE_STRICT_OBJC_MSGSEND = YES;
				GCC_C_LANGUAGE_STANDARD = gnu11;
				GCC_NO_COMMON_BLOCKS = YES;
				GCC_WARN_64_TO_32_BIT_CONVERSION = YES;
				GCC_WARN_ABOUT_RETURN_TYPE = YES_ERROR;
				GCC_WARN_UNDECLARED_SELECTOR = YES;
				GCC_WARN_UNINITIALIZED_AUTOS = YES_AGGRESSIVE;
				GCC_WARN_UNUSED_FUNCTION = YES;
				GCC_WARN_UNUSED_VARIABLE = YES;
				IPHONEOS_DEPLOYMENT_TARGET = 16.4;
				MTL_ENABLE_DEBUG_INFO = NO;
				MTL_FAST_MATH = YES;
				SDKROOT = iphoneos;
				SWIFT_COMPILATION_MODE = wholemodule;
				SWIFT_OPTIMIZATION_LEVEL = "-O";
				VALIDATE_PRODUCT = YES;
			};
			name = Release;
		};
		1CFC128E2A47A5B500F4DD35 /* Debug */ = {
			isa = XCBuildConfiguration;
			buildSettings = {
				ASSETCATALOG_COMPILER_APPICON_NAME = AppIcon;
				ASSETCATALOG_COMPILER_GLOBAL_ACCENT_COLOR_NAME = AccentColor;
				CODE_SIGN_STYLE = Automatic;
				CURRENT_PROJECT_VERSION = 1;
				DEVELOPMENT_ASSET_PATHS = "\"Rick And Morty/Preview Content\"";
				DEVELOPMENT_TEAM = XWFZ5Y579Z;
				ENABLE_PREVIEWS = YES;
				GENERATE_INFOPLIST_FILE = YES;
				INFOPLIST_KEY_UIApplicationSceneManifest_Generation = YES;
				INFOPLIST_KEY_UIApplicationSupportsIndirectInputEvents = YES;
				INFOPLIST_KEY_UILaunchScreen_Generation = YES;
				INFOPLIST_KEY_UIStatusBarStyle = UIStatusBarStyleDarkContent;
				INFOPLIST_KEY_UISupportedInterfaceOrientations = UIInterfaceOrientationPortrait;
				INFOPLIST_KEY_UISupportedInterfaceOrientations_iPad = "UIInterfaceOrientationLandscapeLeft UIInterfaceOrientationLandscapeRight UIInterfaceOrientationPortrait UIInterfaceOrientationPortraitUpsideDown";
				LD_RUNPATH_SEARCH_PATHS = (
					"$(inherited)",
					"@executable_path/Frameworks",
				);
				MARKETING_VERSION = 1.0;
				PRODUCT_BUNDLE_IDENTIFIER = "com.carlosmendieta.Rick-And-Morty";
				PRODUCT_NAME = "$(TARGET_NAME)";
				SWIFT_EMIT_LOC_STRINGS = YES;
				SWIFT_VERSION = 5.0;
				TARGETED_DEVICE_FAMILY = "1,2";
			};
			name = Debug;
		};
		1CFC128F2A47A5B500F4DD35 /* Release */ = {
			isa = XCBuildConfiguration;
			buildSettings = {
				ASSETCATALOG_COMPILER_APPICON_NAME = AppIcon;
				ASSETCATALOG_COMPILER_GLOBAL_ACCENT_COLOR_NAME = AccentColor;
				CODE_SIGN_STYLE = Automatic;
				CURRENT_PROJECT_VERSION = 1;
				DEVELOPMENT_ASSET_PATHS = "\"Rick And Morty/Preview Content\"";
				DEVELOPMENT_TEAM = XWFZ5Y579Z;
				ENABLE_PREVIEWS = YES;
				GENERATE_INFOPLIST_FILE = YES;
				INFOPLIST_KEY_UIApplicationSceneManifest_Generation = YES;
				INFOPLIST_KEY_UIApplicationSupportsIndirectInputEvents = YES;
				INFOPLIST_KEY_UILaunchScreen_Generation = YES;
				INFOPLIST_KEY_UIStatusBarStyle = UIStatusBarStyleDarkContent;
				INFOPLIST_KEY_UISupportedInterfaceOrientations = UIInterfaceOrientationPortrait;
				INFOPLIST_KEY_UISupportedInterfaceOrientations_iPad = "UIInterfaceOrientationLandscapeLeft UIInterfaceOrientationLandscapeRight UIInterfaceOrientationPortrait UIInterfaceOrientationPortraitUpsideDown";
				LD_RUNPATH_SEARCH_PATHS = (
					"$(inherited)",
					"@executable_path/Frameworks",
				);
				MARKETING_VERSION = 1.0;
				PRODUCT_BUNDLE_IDENTIFIER = "com.carlosmendieta.Rick-And-Morty";
				PRODUCT_NAME = "$(TARGET_NAME)";
				SWIFT_EMIT_LOC_STRINGS = YES;
				SWIFT_VERSION = 5.0;
				TARGETED_DEVICE_FAMILY = "1,2";
			};
			name = Release;
		};
/* End XCBuildConfiguration section */

/* Begin XCConfigurationList section */
		1CFC127A2A47A5B200F4DD35 /* Build configuration list for PBXProject "Rick And Morty" */ = {
			isa = XCConfigurationList;
			buildConfigurations = (
				1CFC128B2A47A5B500F4DD35 /* Debug */,
				1CFC128C2A47A5B500F4DD35 /* Release */,
			);
			defaultConfigurationIsVisible = 0;
			defaultConfigurationName = Release;
		};
		1CFC128D2A47A5B500F4DD35 /* Build configuration list for PBXNativeTarget "Rick And Morty" */ = {
			isa = XCConfigurationList;
			buildConfigurations = (
				1CFC128E2A47A5B500F4DD35 /* Debug */,
				1CFC128F2A47A5B500F4DD35 /* Release */,
			);
			defaultConfigurationIsVisible = 0;
			defaultConfigurationName = Release;
		};
/* End XCConfigurationList section */
	};
	rootObject = 1CFC12772A47A5B200F4DD35 /* Project object */;
}
